
Microsoft Visual Studio Solution File, Format Version 12.00
# Visual Studio 15
VisualStudioVersion = 15.0.28307.902
MinimumVisualStudioVersion = 10.0.40219.1
Project("{9A19103F-16F7-4668-BE54-9A1E7A4F7556}") = "RobotCleaner", "RobotCleaner\RobotCleaner.csproj", "{B40BF847-5691-4014-B7C2-9CA8865F8553}"
EndProject
Project("{9A19103F-16F7-4668-BE54-9A1E7A4F7556}") = "RobotCleaner.Test", "RobotCleaner.Test\RobotCleaner.Test.csproj", "{F1588056-1EB9-4D0A-9D6D-2E0BAF345021}"
EndProject
Global
	GlobalSection(SolutionConfigurationPlatforms) = preSolution
		Debug|Any CPU = Debug|Any CPU
		Release|Any CPU = Release|Any CPU
	EndGlobalSection
	GlobalSection(ProjectConfigurationPlatforms) = postSolution
		{B40BF847-5691-4014-B7C2-9CA8865F8553}.Debug|Any CPU.ActiveCfg = Debug|Any CPU
		{B40BF847-5691-4014-B7C2-9CA8865F8553}.Debug|Any CPU.Build.0 = Debug|Any CPU
		{B40BF847-5691-4014-B7C2-9CA8865F8553}.Release|Any CPU.ActiveCfg = Release|Any CPU
		{B40BF847-5691-4014-B7C2-9CA8865F8553}.Release|Any CPU.Build.0 = Release|Any CPU
		{F1588056-1EB9-4D0A-9D6D-2E0BAF345021}.Debug|Any CPU.ActiveCfg = Debug|Any CPU
		{F1588056-1EB9-4D0A-9D6D-2E0BAF345021}.Debug|Any CPU.Build.0 = Debug|Any CPU
		{F1588056-1EB9-4D0A-9D6D-2E0BAF345021}.Release|Any CPU.ActiveCfg = Release|Any CPU
		{F1588056-1EB9-4D0A-9D6D-2E0BAF345021}.Release|Any CPU.Build.0 = Release|Any CPU
	EndGlobalSection
	GlobalSection(SolutionProperties) = preSolution
		HideSolutionNode = FALSE
	EndGlobalSection
	GlobalSection(ExtensibilityGlobals) = postSolution
		SolutionGuid = {8C26BF08-A5DD-4BCF-9D07-4912D6D46256}
	EndGlobalSection
EndGlobal
